
Microsoft Visual Studio Solution File, Format Version 12.00
# Visual Studio Version 16
VisualStudioVersion = 16.0.31410.357
MinimumVisualStudioVersion = 10.0.40219.1
Project("{FAE04EC0-301F-11D3-BF4B-00C04F79EFBC}") = "Proyecto2_AppWeb", "Proyecto2_AppWeb.csproj", "{84FF6C24-AFBF-4186-885A-7917DC7FF0A3}"
EndProject
Project("{FAE04EC0-301F-11D3-BF4B-00C04F79EFBC}") = "Proyecto2_API", "..\Proyecto2_API\Proyecto2_API.csproj", "{59CD77FD-03D8-4BAC-AB9A-B3B499B72ABA}"
EndProject
Global
	GlobalSection(SolutionConfigurationPlatforms) = preSolution
		Debug|Any CPU = Debug|Any CPU
		Release|Any CPU = Release|Any CPU
	EndGlobalSection
	GlobalSection(ProjectConfigurationPlatforms) = postSolution
		{84FF6C24-AFBF-4186-885A-7917DC7FF0A3}.Debug|Any CPU.ActiveCfg = Debug|Any CPU
		{84FF6C24-AFBF-4186-885A-7917DC7FF0A3}.Debug|Any CPU.Build.0 = Debug|Any CPU
		{84FF6C24-AFBF-4186-885A-7917DC7FF0A3}.Release|Any CPU.ActiveCfg = Release|Any CPU
		{84FF6C24-AFBF-4186-885A-7917DC7FF0A3}.Release|Any CPU.Build.0 = Release|Any CPU
		{59CD77FD-03D8-4BAC-AB9A-B3B499B72ABA}.Debug|Any CPU.ActiveCfg = Debug|Any CPU
		{59CD77FD-03D8-4BAC-AB9A-B3B499B72ABA}.Debug|Any CPU.Build.0 = Debug|Any CPU
		{59CD77FD-03D8-4BAC-AB9A-B3B499B72ABA}.Release|Any CPU.ActiveCfg = Release|Any CPU
		{59CD77FD-03D8-4BAC-AB9A-B3B499B72ABA}.Release|Any CPU.Build.0 = Release|Any CPU
	EndGlobalSection
	GlobalSection(SolutionProperties) = preSolution
		HideSolutionNode = FALSE
	EndGlobalSection
	GlobalSection(ExtensibilityGlobals) = postSolution
		SolutionGuid = {C38D5F69-4AAC-457E-84C0-F3C0FB23A4F7}
	EndGlobalSection
EndGlobal
